
Microsoft Visual Studio Solution File, Format Version 12.00
# Visual Studio Version 16
VisualStudioVersion = 16.0.31515.178
MinimumVisualStudioVersion = 10.0.40219.1
Project("{FAE04EC0-301F-11D3-BF4B-00C04F79EFBC}") = "my-books", "my-books\my-books.csproj", "{E0CB3353-A076-4121-81BE-225EC0A9A8FF}"
EndProject
Global
	GlobalSection(SolutionConfigurationPlatforms) = preSolution
		Debug|Any CPU = Debug|Any CPU
		Release|Any CPU = Release|Any CPU
	EndGlobalSection
	GlobalSection(ProjectConfigurationPlatforms) = postSolution
		{E0CB3353-A076-4121-81BE-225EC0A9A8FF}.Debug|Any CPU.ActiveCfg = Debug|Any CPU
		{E0CB3353-A076-4121-81BE-225EC0A9A8FF}.Debug|Any CPU.Build.0 = Debug|Any CPU
		{E0CB3353-A076-4121-81BE-225EC0A9A8FF}.Release|Any CPU.ActiveCfg = Release|Any CPU
		{E0CB3353-A076-4121-81BE-225EC0A9A8FF}.Release|Any CPU.Build.0 = Release|Any CPU
	EndGlobalSection
	GlobalSection(SolutionProperties) = preSolution
		HideSolutionNode = FALSE
	EndGlobalSection
	GlobalSection(ExtensibilityGlobals) = postSolution
		SolutionGuid = {A1A58D35-03B2-4D22-B73B-C31A82468B5B}
	EndGlobalSection
EndGlobal
